
Microsoft Visual Studio Solution File, Format Version 12.00
# Visual Studio Version 16
VisualStudioVersion = 16.0.29123.88
MinimumVisualStudioVersion = 10.0.40219.1
Project("{FAE04EC0-301F-11D3-BF4B-00C04F79EFBC}") = "Dammen", "Dammen\Dammen.csproj", "{622EB2B6-990D-408B-B36A-72AE39E920B0}"
EndProject
Global
	GlobalSection(SolutionConfigurationPlatforms) = preSolution
		Debug|Any CPU = Debug|Any CPU
		Release|Any CPU = Release|Any CPU
	EndGlobalSection
	GlobalSection(ProjectConfigurationPlatforms) = postSolution
		{622EB2B6-990D-408B-B36A-72AE39E920B0}.Debug|Any CPU.ActiveCfg = Debug|Any CPU
		{622EB2B6-990D-408B-B36A-72AE39E920B0}.Debug|Any CPU.Build.0 = Debug|Any CPU
		{622EB2B6-990D-408B-B36A-72AE39E920B0}.Release|Any CPU.ActiveCfg = Release|Any CPU
		{622EB2B6-990D-408B-B36A-72AE39E920B0}.Release|Any CPU.Build.0 = Release|Any CPU
	EndGlobalSection
	GlobalSection(SolutionProperties) = preSolution
		HideSolutionNode = FALSE
	EndGlobalSection
	GlobalSection(ExtensibilityGlobals) = postSolution
		SolutionGuid = {D769DA1C-5FE9-489A-B257-387F05D46E71}
	EndGlobalSection
EndGlobal
